
Microsoft Visual Studio Solution File, Format Version 12.00
# Visual Studio Version 17
VisualStudioVersion = 17.8.34322.80
MinimumVisualStudioVersion = 10.0.40219.1
Project("{FAE04EC0-301F-11D3-BF4B-00C04F79EFBC}") = "ConsoleApp310124", "ConsoleApp310124.csproj", "{7388EE78-6377-4AA8-94A4-34B18CB99766}"
EndProject
Global
	GlobalSection(SolutionConfigurationPlatforms) = preSolution
		Debug|Any CPU = Debug|Any CPU
		Release|Any CPU = Release|Any CPU
	EndGlobalSection
	GlobalSection(ProjectConfigurationPlatforms) = postSolution
		{7388EE78-6377-4AA8-94A4-34B18CB99766}.Debug|Any CPU.ActiveCfg = Debug|Any CPU
		{7388EE78-6377-4AA8-94A4-34B18CB99766}.Debug|Any CPU.Build.0 = Debug|Any CPU
		{7388EE78-6377-4AA8-94A4-34B18CB99766}.Release|Any CPU.ActiveCfg = Release|Any CPU
		{7388EE78-6377-4AA8-94A4-34B18CB99766}.Release|Any CPU.Build.0 = Release|Any CPU
	EndGlobalSection
	GlobalSection(SolutionProperties) = preSolution
		HideSolutionNode = FALSE
	EndGlobalSection
	GlobalSection(ExtensibilityGlobals) = postSolution
		SolutionGuid = {F5319BD0-8178-4CDE-9C58-A42946B1490F}
	EndGlobalSection
EndGlobal
